{
  "pins" : [
    {
      "identity" : "cipher",
      "kind" : "remoteSourceControl",
      "location" : "https://github.com/sentryco/Cipher",
      "state" : {
        "branch" : "main",
        "revision" : "e6d8c38ad5d14dd12eae7e3cca71dd28dbecc5b6"
      }
    },
    {
      "identity" : "dice",
      "kind" : "remoteSourceControl",
      "location" : "https://github.com/sentryco/Dice.git",
      "state" : {
        "branch" : "main",
        "revision" : "566f31f7019c5c8278ef081c6a30044d852f3c86"
      }
    },
    {
      "identity" : "filesugar",
      "kind" : "remoteSourceControl",
      "location" : "https://github.com/eonist/FileSugar.git",
      "state" : {
        "branch" : "master",
        "revision" : "c2b801b6afa82283e11ba4e534d21f0e472e89c8"
      }
    },
    {
      "identity" : "jsonsugar",
      "kind" : "remoteSourceControl",
      "location" : "https://github.com/eonist/JSONSugar.git",
      "state" : {
        "branch" : "master",
        "revision" : "de543ae05fe2c18a6d0a3bca1d24656703ced9cd"
      }
    },
    {
      "identity" : "key",
      "kind" : "remoteSourceControl",
      "location" : "https://github.com/sentryco/Key",
      "state" : {
        "branch" : "main",
        "revision" : "99c21786ad9c2e8a374e1606eb080a261dd6d344"
      }
    },
    {
      "identity" : "logger",
      "kind" : "remoteSourceControl",
      "location" : "https://github.com/sentryco/Logger.git",
      "state" : {
        "branch" : "main",
        "revision" : "46a88bb44412fdfb0764a80a7cae6477fc315010"
      }
    }
  ],
  "version" : 2
}
